
Microsoft Visual Studio Solution File, Format Version 12.00
# Visual Studio Version 17
VisualStudioVersion = 17.0.32014.148
MinimumVisualStudioVersion = 10.0.40219.1
Project("{9A19103F-16F7-4668-BE54-9A1E7A4F7556}") = "ConsoleApp", "ConsoleApp\ConsoleApp.csproj", "{EC7F7571-1334-434F-9B10-8ABA319C3205}"
EndProject
Project("{FAE04EC0-301F-11D3-BF4B-00C04F79EFBC}") = "CentralInvestmentUploadProductDescription", "CentralInvestment\CentralInvestmentUploadProductDescription.csproj", "{9B266AA5-DCD6-42DA-B232-E2656A3C8D4F}"
EndProject
Global
	GlobalSection(SolutionConfigurationPlatforms) = preSolution
		Debug|Any CPU = Debug|Any CPU
		Release|Any CPU = Release|Any CPU
	EndGlobalSection
	GlobalSection(ProjectConfigurationPlatforms) = postSolution
		{EC7F7571-1334-434F-9B10-8ABA319C3205}.Debug|Any CPU.ActiveCfg = Debug|Any CPU
		{EC7F7571-1334-434F-9B10-8ABA319C3205}.Debug|Any CPU.Build.0 = Debug|Any CPU
		{EC7F7571-1334-434F-9B10-8ABA319C3205}.Release|Any CPU.ActiveCfg = Release|Any CPU
		{EC7F7571-1334-434F-9B10-8ABA319C3205}.Release|Any CPU.Build.0 = Release|Any CPU
		{9B266AA5-DCD6-42DA-B232-E2656A3C8D4F}.Debug|Any CPU.ActiveCfg = Debug|Any CPU
		{9B266AA5-DCD6-42DA-B232-E2656A3C8D4F}.Debug|Any CPU.Build.0 = Debug|Any CPU
		{9B266AA5-DCD6-42DA-B232-E2656A3C8D4F}.Release|Any CPU.ActiveCfg = Release|Any CPU
		{9B266AA5-DCD6-42DA-B232-E2656A3C8D4F}.Release|Any CPU.Build.0 = Release|Any CPU
	EndGlobalSection
	GlobalSection(SolutionProperties) = preSolution
		HideSolutionNode = FALSE
	EndGlobalSection
	GlobalSection(ExtensibilityGlobals) = postSolution
		SolutionGuid = {0F519042-BF88-4BDE-B20A-61FB653B86AC}
	EndGlobalSection
EndGlobal
